
Microsoft Visual Studio Solution File, Format Version 12.00
# Visual Studio 2012
Project("{FAE04EC0-301F-11D3-BF4B-00C04F79EFBC}") = "PongGame", "PongGame\PongGame.csproj", "{EC13DA73-30A1-41D4-91AB-4192FFAA65FA}"
EndProject
Global
	GlobalSection(SolutionConfigurationPlatforms) = preSolution
		Debug|x86 = Debug|x86
		Release|x86 = Release|x86
	EndGlobalSection
	GlobalSection(ProjectConfigurationPlatforms) = postSolution
		{EC13DA73-30A1-41D4-91AB-4192FFAA65FA}.Debug|x86.ActiveCfg = Debug|x86
		{EC13DA73-30A1-41D4-91AB-4192FFAA65FA}.Debug|x86.Build.0 = Debug|x86
		{EC13DA73-30A1-41D4-91AB-4192FFAA65FA}.Release|x86.ActiveCfg = Release|x86
		{EC13DA73-30A1-41D4-91AB-4192FFAA65FA}.Release|x86.Build.0 = Release|x86
	EndGlobalSection
	GlobalSection(SolutionProperties) = preSolution
		HideSolutionNode = FALSE
	EndGlobalSection
EndGlobal
